// !$*UTF8*$!
{
	archiveVersion = 1;
	classes = {
	};
	objectVersion = 55;
	objects = {

/* Begin PBXBuildFile section */
		981A424B27E6FC6800B4B980 /* gun.mp3 in Resources */ = {isa = PBXBuildFile; fileRef = 981A424A27E6FC6800B4B980 /* gun.mp3 */; };
		982CAC2C27DBA98F0036F926 /* AppDelegate.swift in Sources */ = {isa = PBXBuildFile; fileRef = 982CAC2B27DBA98F0036F926 /* AppDelegate.swift */; };
		982CAC3027DBA98F0036F926 /* ViewController.swift in Sources */ = {isa = PBXBuildFile; fileRef = 982CAC2F27DBA98F0036F926 /* ViewController.swift */; };
		982CAC3327DBA98F0036F926 /* Main.storyboard in Resources */ = {isa = PBXBuildFile; fileRef = 982CAC3127DBA98F0036F926 /* Main.storyboard */; };
		982CAC3527DBA98F0036F926 /* Assets.xcassets in Resources */ = {isa = PBXBuildFile; fileRef = 982CAC3427DBA98F0036F926 /* Assets.xcassets */; };
		982CAC3827DBA98F0036F926 /* LaunchScreen.storyboard in Resources */ = {isa = PBXBuildFile; fileRef = 982CAC3627DBA98F0036F926 /* LaunchScreen.storyboard */; };
		982D752F27E201A10008FC35 /* QaNode.swift in Sources */ = {isa = PBXBuildFile; fileRef = 982D752E27E201A10008FC35 /* QaNode.swift */; };
		982D755327E367560008FC35 /* EditModalViewController.swift in Sources */ = {isa = PBXBuildFile; fileRef = 982D755227E367560008FC35 /* EditModalViewController.swift */; };
		985A765227F0A8B700C2B489 /* GetToday.swift in Sources */ = {isa = PBXBuildFile; fileRef = 985A765127F0A8B700C2B489 /* GetToday.swift */; };
		985A765427F0AB9A00C2B489 /* RecordingExtension.swift in Sources */ = {isa = PBXBuildFile; fileRef = 985A765327F0AB9A00C2B489 /* RecordingExtension.swift */; };
		985A765727F0B44D00C2B489 /* ModalExtension.swift in Sources */ = {isa = PBXBuildFile; fileRef = 985A765627F0B44D00C2B489 /* ModalExtension.swift */; };
		985A765A27F0B57E00C2B489 /* SoundExtension.swift in Sources */ = {isa = PBXBuildFile; fileRef = 985A765927F0B57E00C2B489 /* SoundExtension.swift */; };
		989BADE327E8C01C004717BE /* SEManager.swift in Sources */ = {isa = PBXBuildFile; fileRef = 989BADE227E8C01C004717BE /* SEManager.swift */; };
		98FFB9AB27ECDFBF002F053C /* reggae-hone.mp3 in Resources */ = {isa = PBXBuildFile; fileRef = 98FFB9A127ECDFBF002F053C /* reggae-hone.mp3 */; };
		98FFB9AD27ECDFBF002F053C /* jaaan.mp3 in Resources */ = {isa = PBXBuildFile; fileRef = 98FFB9A327ECDFBF002F053C /* jaaan.mp3 */; };
		98FFB9AE27ECDFBF002F053C /* explosion.mp3 in Resources */ = {isa = PBXBuildFile; fileRef = 98FFB9A427ECDFBF002F053C /* explosion.mp3 */; };
		98FFB9AF27ECDFBF002F053C /* scratch.mp3 in Resources */ = {isa = PBXBuildFile; fileRef = 98FFB9A527ECDFBF002F053C /* scratch.mp3 */; };
		98FFB9B027ECDFBF002F053C /* dooon.mp3 in Resources */ = {isa = PBXBuildFile; fileRef = 98FFB9A627ECDFBF002F053C /* dooon.mp3 */; };
		98FFB9B127ECDFBF002F053C /* fracture.mp3 in Resources */ = {isa = PBXBuildFile; fileRef = 98FFB9A727ECDFBF002F053C /* fracture.mp3 */; };
		98FFB9B227ECDFBF002F053C /* shock.mp3 in Resources */ = {isa = PBXBuildFile; fileRef = 98FFB9A827ECDFBF002F053C /* shock.mp3 */; };
		98FFB9B327ECDFBF002F053C /* bass-drum.mp3 in Resources */ = {isa = PBXBuildFile; fileRef = 98FFB9A927ECDFBF002F053C /* bass-drum.mp3 */; };
		98FFB9B427ECDFBF002F053C /* plice.mp3 in Resources */ = {isa = PBXBuildFile; fileRef = 98FFB9AA27ECDFBF002F053C /* plice.mp3 */; };
/* End PBXBuildFile section */

/* Begin PBXFileReference section */
		981A424A27E6FC6800B4B980 /* gun.mp3 */ = {isa = PBXFileReference; lastKnownFileType = audio.mp3; path = gun.mp3; sourceTree = "<group>"; };
		982CAC2827DBA98F0036F926 /* ARPR.app */ = {isa = PBXFileReference; explicitFileType = wrapper.application; includeInIndex = 0; path = ARPR.app; sourceTree = BUILT_PRODUCTS_DIR; };
		982CAC2B27DBA98F0036F926 /* AppDelegate.swift */ = {isa = PBXFileReference; lastKnownFileType = sourcecode.swift; path = AppDelegate.swift; sourceTree = "<group>"; };
		982CAC2F27DBA98F0036F926 /* ViewController.swift */ = {isa = PBXFileReference; lastKnownFileType = sourcecode.swift; path = ViewController.swift; sourceTree = "<group>"; };
		982CAC3227DBA98F0036F926 /* Base */ = {isa = PBXFileReference; lastKnownFileType = file.storyboard; name = Base; path = Base.lproj/Main.storyboard; sourceTree = "<group>"; };
		982CAC3427DBA98F0036F926 /* Assets.xcassets */ = {isa = PBXFileReference; lastKnownFileType = folder.assetcatalog; path = Assets.xcassets; sourceTree = "<group>"; };
		982CAC3727DBA98F0036F926 /* Base */ = {isa = PBXFileReference; lastKnownFileType = file.storyboard; name = Base; path = Base.lproj/LaunchScreen.storyboard; sourceTree = "<group>"; };
		982D752E27E201A10008FC35 /* QaNode.swift */ = {isa = PBXFileReference; lastKnownFileType = sourcecode.swift; path = QaNode.swift; sourceTree = "<group>"; };
		982D755227E367560008FC35 /* EditModalViewController.swift */ = {isa = PBXFileReference; lastKnownFileType = sourcecode.swift; path = EditModalViewController.swift; sourceTree = "<group>"; };
		985A765127F0A8B700C2B489 /* GetToday.swift */ = {isa = PBXFileReference; lastKnownFileType = sourcecode.swift; path = GetToday.swift; sourceTree = "<group>"; };
		985A765327F0AB9A00C2B489 /* RecordingExtension.swift */ = {isa = PBXFileReference; lastKnownFileType = sourcecode.swift; path = RecordingExtension.swift; sourceTree = "<group>"; };
		985A765627F0B44D00C2B489 /* ModalExtension.swift */ = {isa = PBXFileReference; lastKnownFileType = sourcecode.swift; path = ModalExtension.swift; sourceTree = "<group>"; };
		985A765927F0B57E00C2B489 /* SoundExtension.swift */ = {isa = PBXFileReference; lastKnownFileType = sourcecode.swift; path = SoundExtension.swift; sourceTree = "<group>"; };
		989BADE227E8C01C004717BE /* SEManager.swift */ = {isa = PBXFileReference; lastKnownFileType = sourcecode.swift; path = SEManager.swift; sourceTree = "<group>"; };
		98FFB9A127ECDFBF002F053C /* reggae-hone.mp3 */ = {isa = PBXFileReference; lastKnownFileType = audio.mp3; path = "reggae-hone.mp3"; sourceTree = "<group>"; };
		98FFB9A327ECDFBF002F053C /* jaaan.mp3 */ = {isa = PBXFileReference; lastKnownFileType = audio.mp3; path = jaaan.mp3; sourceTree = "<group>"; };
		98FFB9A427ECDFBF002F053C /* explosion.mp3 */ = {isa = PBXFileReference; lastKnownFileType = audio.mp3; path = explosion.mp3; sourceTree = "<group>"; };
		98FFB9A527ECDFBF002F053C /* scratch.mp3 */ = {isa = PBXFileReference; lastKnownFileType = audio.mp3; path = scratch.mp3; sourceTree = "<group>"; };
		98FFB9A627ECDFBF002F053C /* dooon.mp3 */ = {isa = PBXFileReference; lastKnownFileType = audio.mp3; path = dooon.mp3; sourceTree = "<group>"; };
		98FFB9A727ECDFBF002F053C /* fracture.mp3 */ = {isa = PBXFileReference; lastKnownFileType = audio.mp3; path = fracture.mp3; sourceTree = "<group>"; };
		98FFB9A827ECDFBF002F053C /* shock.mp3 */ = {isa = PBXFileReference; lastKnownFileType = audio.mp3; path = shock.mp3; sourceTree = "<group>"; };
		98FFB9A927ECDFBF002F053C /* bass-drum.mp3 */ = {isa = PBXFileReference; lastKnownFileType = audio.mp3; path = "bass-drum.mp3"; sourceTree = "<group>"; };
		98FFB9AA27ECDFBF002F053C /* plice.mp3 */ = {isa = PBXFileReference; lastKnownFileType = audio.mp3; path = plice.mp3; sourceTree = "<group>"; };
/* End PBXFileReference section */

/* Begin PBXFrameworksBuildPhase section */
		982CAC2527DBA98F0036F926 /* Frameworks */ = {
			isa = PBXFrameworksBuildPhase;
			buildActionMask = 2147483647;
			files = (
			);
			runOnlyForDeploymentPostprocessing = 0;
		};
/* End PBXFrameworksBuildPhase section */

/* Begin PBXGroup section */
		982CAC1F27DBA98F0036F926 = {
			isa = PBXGroup;
			children = (
				982CAC2A27DBA98F0036F926 /* ARPR */,
				982CAC2927DBA98F0036F926 /* Products */,
			);
			sourceTree = "<group>";
		};
		982CAC2927DBA98F0036F926 /* Products */ = {
			isa = PBXGroup;
			children = (
				982CAC2827DBA98F0036F926 /* ARPR.app */,
			);
			name = Products;
			sourceTree = "<group>";
		};
		982CAC2A27DBA98F0036F926 /* ARPR */ = {
			isa = PBXGroup;
			children = (
				985A765027F0A89200C2B489 /* utils */,
				985A764F27F0A36B00C2B489 /* models */,
				985A764E27F0A33C00C2B489 /* storyboards */,
				985A764D27F0A31400C2B489 /* controllers */,
				98FFB9A027ECDF9A002F053C /* sounds */,
				982CAC2B27DBA98F0036F926 /* AppDelegate.swift */,
				982CAC3427DBA98F0036F926 /* Assets.xcassets */,
			);
			path = ARPR;
			sourceTree = "<group>";
		};
		985A764D27F0A31400C2B489 /* controllers */ = {
			isa = PBXGroup;
			children = (
				985A765827F0B50C00C2B489 /* editModal */,
				985A765527F0B41300C2B489 /* main */,
			);
			path = controllers;
			sourceTree = "<group>";
		};
		985A764E27F0A33C00C2B489 /* storyboards */ = {
			isa = PBXGroup;
			children = (
				982CAC3627DBA98F0036F926 /* LaunchScreen.storyboard */,
				982CAC3127DBA98F0036F926 /* Main.storyboard */,
			);
			path = storyboards;
			sourceTree = "<group>";
		};
		985A764F27F0A36B00C2B489 /* models */ = {
			isa = PBXGroup;
			children = (
				982D752E27E201A10008FC35 /* QaNode.swift */,
				989BADE227E8C01C004717BE /* SEManager.swift */,
			);
			path = models;
			sourceTree = "<group>";
		};
		985A765027F0A89200C2B489 /* utils */ = {
			isa = PBXGroup;
			children = (
				985A765127F0A8B700C2B489 /* GetToday.swift */,
			);
			path = utils;
			sourceTree = "<group>";
		};
		985A765527F0B41300C2B489 /* main */ = {
			isa = PBXGroup;
			children = (
				985A765327F0AB9A00C2B489 /* RecordingExtension.swift */,
				982CAC2F27DBA98F0036F926 /* ViewController.swift */,
				985A765627F0B44D00C2B489 /* ModalExtension.swift */,
				985A765927F0B57E00C2B489 /* SoundExtension.swift */,
			);
			path = main;
			sourceTree = "<group>";
		};
		985A765827F0B50C00C2B489 /* editModal */ = {
			isa = PBXGroup;
			children = (
				982D755227E367560008FC35 /* EditModalViewController.swift */,
			);
			path = editModal;
			sourceTree = "<group>";
		};
		98FFB9A027ECDF9A002F053C /* sounds */ = {
			isa = PBXGroup;
			children = (
				98FFB9A927ECDFBF002F053C /* bass-drum.mp3 */,
				98FFB9A627ECDFBF002F053C /* dooon.mp3 */,
				98FFB9A427ECDFBF002F053C /* explosion.mp3 */,
				98FFB9A727ECDFBF002F053C /* fracture.mp3 */,
				98FFB9A327ECDFBF002F053C /* jaaan.mp3 */,
				98FFB9AA27ECDFBF002F053C /* plice.mp3 */,
				98FFB9A127ECDFBF002F053C /* reggae-hone.mp3 */,
				98FFB9A527ECDFBF002F053C /* scratch.mp3 */,
				98FFB9A827ECDFBF002F053C /* shock.mp3 */,
				981A424A27E6FC6800B4B980 /* gun.mp3 */,
			);
			path = sounds;
			sourceTree = "<group>";
		};
/* End PBXGroup section */

/* Begin PBXNativeTarget section */
		982CAC2727DBA98F0036F926 /* ARPR */ = {
			isa = PBXNativeTarget;
			buildConfigurationList = 982CAC3B27DBA98F0036F926 /* Build configuration list for PBXNativeTarget "ARPR" */;
			buildPhases = (
				982CAC2427DBA98F0036F926 /* Sources */,
				982CAC2527DBA98F0036F926 /* Frameworks */,
				982CAC2627DBA98F0036F926 /* Resources */,
			);
			buildRules = (
			);
			dependencies = (
			);
			name = ARPR;
			productName = ARPR;
			productReference = 982CAC2827DBA98F0036F926 /* ARPR.app */;
			productType = "com.apple.product-type.application";
		};
/* End PBXNativeTarget section */

/* Begin PBXProject section */
		982CAC2027DBA98F0036F926 /* Project object */ = {
			isa = PBXProject;
			attributes = {
				BuildIndependentTargetsInParallel = 1;
				LastSwiftUpdateCheck = 1320;
				LastUpgradeCheck = 1320;
				TargetAttributes = {
					982CAC2727DBA98F0036F926 = {
						CreatedOnToolsVersion = 13.2.1;
					};
				};
			};
			buildConfigurationList = 982CAC2327DBA98F0036F926 /* Build configuration list for PBXProject "ARPR" */;
			compatibilityVersion = "Xcode 13.0";
			developmentRegion = en;
			hasScannedForEncodings = 0;
			knownRegions = (
				en,
				Base,
			);
			mainGroup = 982CAC1F27DBA98F0036F926;
			productRefGroup = 982CAC2927DBA98F0036F926 /* Products */;
			projectDirPath = "";
			projectRoot = "";
			targets = (
				982CAC2727DBA98F0036F926 /* ARPR */,
			);
		};
/* End PBXProject section */

/* Begin PBXResourcesBuildPhase section */
		982CAC2627DBA98F0036F926 /* Resources */ = {
			isa = PBXResourcesBuildPhase;
			buildActionMask = 2147483647;
			files = (
				982CAC3827DBA98F0036F926 /* LaunchScreen.storyboard in Resources */,
				98FFB9B427ECDFBF002F053C /* plice.mp3 in Resources */,
				98FFB9AD27ECDFBF002F053C /* jaaan.mp3 in Resources */,
				98FFB9AE27ECDFBF002F053C /* explosion.mp3 in Resources */,
				98FFB9AF27ECDFBF002F053C /* scratch.mp3 in Resources */,
				98FFB9B227ECDFBF002F053C /* shock.mp3 in Resources */,
				98FFB9B027ECDFBF002F053C /* dooon.mp3 in Resources */,
				982CAC3527DBA98F0036F926 /* Assets.xcassets in Resources */,
				981A424B27E6FC6800B4B980 /* gun.mp3 in Resources */,
				982CAC3327DBA98F0036F926 /* Main.storyboard in Resources */,
				98FFB9B127ECDFBF002F053C /* fracture.mp3 in Resources */,
				98FFB9AB27ECDFBF002F053C /* reggae-hone.mp3 in Resources */,
				98FFB9B327ECDFBF002F053C /* bass-drum.mp3 in Resources */,
			);
			runOnlyForDeploymentPostprocessing = 0;
		};
/* End PBXResourcesBuildPhase section */

/* Begin PBXSourcesBuildPhase section */
		982CAC2427DBA98F0036F926 /* Sources */ = {
			isa = PBXSourcesBuildPhase;
			buildActionMask = 2147483647;
			files = (
				982CAC3027DBA98F0036F926 /* ViewController.swift in Sources */,
				985A765727F0B44D00C2B489 /* ModalExtension.swift in Sources */,
				985A765A27F0B57E00C2B489 /* SoundExtension.swift in Sources */,
				989BADE327E8C01C004717BE /* SEManager.swift in Sources */,
				982CAC2C27DBA98F0036F926 /* AppDelegate.swift in Sources */,
				982D755327E367560008FC35 /* EditModalViewController.swift in Sources */,
				985A765427F0AB9A00C2B489 /* RecordingExtension.swift in Sources */,
				985A765227F0A8B700C2B489 /* GetToday.swift in Sources */,
				982D752F27E201A10008FC35 /* QaNode.swift in Sources */,
			);
			runOnlyForDeploymentPostprocessing = 0;
		};
/* End PBXSourcesBuildPhase section */

/* Begin PBXVariantGroup section */
		982CAC3127DBA98F0036F926 /* Main.storyboard */ = {
			isa = PBXVariantGroup;
			children = (
				982CAC3227DBA98F0036F926 /* Base */,
			);
			name = Main.storyboard;
			sourceTree = "<group>";
		};
		982CAC3627DBA98F0036F926 /* LaunchScreen.storyboard */ = {
			isa = PBXVariantGroup;
			children = (
				982CAC3727DBA98F0036F926 /* Base */,
			);
			name = LaunchScreen.storyboard;
			sourceTree = "<group>";
		};
/* End PBXVariantGroup section */

/* Begin XCBuildConfiguration section */
		982CAC3927DBA98F0036F926 /* Debug */ = {
			isa = XCBuildConfiguration;
			buildSettings = {
				ALWAYS_SEARCH_USER_PATHS = NO;
				CLANG_ANALYZER_NONNULL = YES;
				CLANG_ANALYZER_NUMBER_OBJECT_CONVERSION = YES_AGGRESSIVE;
				CLANG_CXX_LANGUAGE_STANDARD = "gnu++17";
				CLANG_CXX_LIBRARY = "libc++";
				CLANG_ENABLE_MODULES = YES;
				CLANG_ENABLE_OBJC_ARC = YES;
				CLANG_ENABLE_OBJC_WEAK = YES;
				CLANG_WARN_BLOCK_CAPTURE_AUTORELEASING = YES;
				CLANG_WARN_BOOL_CONVERSION = YES;
				CLANG_WARN_COMMA = YES;
				CLANG_WARN_CONSTANT_CONVERSION = YES;
				CLANG_WARN_DEPRECATED_OBJC_IMPLEMENTATIONS = YES;
				CLANG_WARN_DIRECT_OBJC_ISA_USAGE = YES_ERROR;
				CLANG_WARN_DOCUMENTATION_COMMENTS = YES;
				CLANG_WARN_EMPTY_BODY = YES;
				CLANG_WARN_ENUM_CONVERSION = YES;
				CLANG_WARN_INFINITE_RECURSION = YES;
				CLANG_WARN_INT_CONVERSION = YES;
				CLANG_WARN_NON_LITERAL_NULL_CONVERSION = YES;
				CLANG_WARN_OBJC_IMPLICIT_RETAIN_SELF = YES;
				CLANG_WARN_OBJC_LITERAL_CONVERSION = YES;
				CLANG_WARN_OBJC_ROOT_CLASS = YES_ERROR;
				CLANG_WARN_QUOTED_INCLUDE_IN_FRAMEWORK_HEADER = YES;
				CLANG_WARN_RANGE_LOOP_ANALYSIS = YES;
				CLANG_WARN_STRICT_PROTOTYPES = YES;
				CLANG_WARN_SUSPICIOUS_MOVE = YES;
				CLANG_WARN_UNGUARDED_AVAILABILITY = YES_AGGRESSIVE;
				CLANG_WARN_UNREACHABLE_CODE = YES;
				CLANG_WARN__DUPLICATE_METHOD_MATCH = YES;
				COPY_PHASE_STRIP = NO;
				DEBUG_INFORMATION_FORMAT = dwarf;
				ENABLE_STRICT_OBJC_MSGSEND = YES;
				ENABLE_TESTABILITY = YES;
				GCC_C_LANGUAGE_STANDARD = gnu11;
				GCC_DYNAMIC_NO_PIC = NO;
				GCC_NO_COMMON_BLOCKS = YES;
				GCC_OPTIMIZATION_LEVEL = 0;
				GCC_PREPROCESSOR_DEFINITIONS = (
					"DEBUG=1",
					"$(inherited)",
				);
				GCC_WARN_64_TO_32_BIT_CONVERSION = YES;
				GCC_WARN_ABOUT_RETURN_TYPE = YES_ERROR;
				GCC_WARN_UNDECLARED_SELECTOR = YES;
				GCC_WARN_UNINITIALIZED_AUTOS = YES_AGGRESSIVE;
				GCC_WARN_UNUSED_FUNCTION = YES;
				GCC_WARN_UNUSED_VARIABLE = YES;
				IPHONEOS_DEPLOYMENT_TARGET = 15.2;
				MTL_ENABLE_DEBUG_INFO = INCLUDE_SOURCE;
				MTL_FAST_MATH = YES;
				ONLY_ACTIVE_ARCH = YES;
				SDKROOT = iphoneos;
				SWIFT_ACTIVE_COMPILATION_CONDITIONS = DEBUG;
				SWIFT_OPTIMIZATION_LEVEL = "-Onone";
			};
			name = Debug;
		};
		982CAC3A27DBA98F0036F926 /* Release */ = {
			isa = XCBuildConfiguration;
			buildSettings = {
				ALWAYS_SEARCH_USER_PATHS = NO;
				CLANG_ANALYZER_NONNULL = YES;
				CLANG_ANALYZER_NUMBER_OBJECT_CONVERSION = YES_AGGRESSIVE;
				CLANG_CXX_LANGUAGE_STANDARD = "gnu++17";
				CLANG_CXX_LIBRARY = "libc++";
				CLANG_ENABLE_MODULES = YES;
				CLANG_ENABLE_OBJC_ARC = YES;
				CLANG_ENABLE_OBJC_WEAK = YES;
				CLANG_WARN_BLOCK_CAPTURE_AUTORELEASING = YES;
				CLANG_WARN_BOOL_CONVERSION = YES;
				CLANG_WARN_COMMA = YES;
				CLANG_WARN_CONSTANT_CONVERSION = YES;
				CLANG_WARN_DEPRECATED_OBJC_IMPLEMENTATIONS = YES;
				CLANG_WARN_DIRECT_OBJC_ISA_USAGE = YES_ERROR;
				CLANG_WARN_DOCUMENTATION_COMMENTS = YES;
				CLANG_WARN_EMPTY_BODY = YES;
				CLANG_WARN_ENUM_CONVERSION = YES;
				CLANG_WARN_INFINITE_RECURSION = YES;
				CLANG_WARN_INT_CONVERSION = YES;
				CLANG_WARN_NON_LITERAL_NULL_CONVERSION = YES;
				CLANG_WARN_OBJC_IMPLICIT_RETAIN_SELF = YES;
				CLANG_WARN_OBJC_LITERAL_CONVERSION = YES;
				CLANG_WARN_OBJC_ROOT_CLASS = YES_ERROR;
				CLANG_WARN_QUOTED_INCLUDE_IN_FRAMEWORK_HEADER = YES;
				CLANG_WARN_RANGE_LOOP_ANALYSIS = YES;
				CLANG_WARN_STRICT_PROTOTYPES = YES;
				CLANG_WARN_SUSPICIOUS_MOVE = YES;
				CLANG_WARN_UNGUARDED_AVAILABILITY = YES_AGGRESSIVE;
				CLANG_WARN_UNREACHABLE_CODE = YES;
				CLANG_WARN__DUPLICATE_METHOD_MATCH = YES;
				COPY_PHASE_STRIP = NO;
				DEBUG_INFORMATION_FORMAT = "dwarf-with-dsym";
				ENABLE_NS_ASSERTIONS = NO;
				ENABLE_STRICT_OBJC_MSGSEND = YES;
				GCC_C_LANGUAGE_STANDARD = gnu11;
				GCC_NO_COMMON_BLOCKS = YES;
				GCC_WARN_64_TO_32_BIT_CONVERSION = YES;
				GCC_WARN_ABOUT_RETURN_TYPE = YES_ERROR;
				GCC_WARN_UNDECLARED_SELECTOR = YES;
				GCC_WARN_UNINITIALIZED_AUTOS = YES_AGGRESSIVE;
				GCC_WARN_UNUSED_FUNCTION = YES;
				GCC_WARN_UNUSED_VARIABLE = YES;
				IPHONEOS_DEPLOYMENT_TARGET = 15.2;
				MTL_ENABLE_DEBUG_INFO = NO;
				MTL_FAST_MATH = YES;
				SDKROOT = iphoneos;
				SWIFT_COMPILATION_MODE = wholemodule;
				SWIFT_OPTIMIZATION_LEVEL = "-O";
				VALIDATE_PRODUCT = YES;
			};
			name = Release;
		};
		982CAC3C27DBA98F0036F926 /* Debug */ = {
			isa = XCBuildConfiguration;
			buildSettings = {
				ASSETCATALOG_COMPILER_APPICON_NAME = AppIcon;
				ASSETCATALOG_COMPILER_GLOBAL_ACCENT_COLOR_NAME = AccentColor;
				CODE_SIGN_STYLE = Automatic;
				CURRENT_PROJECT_VERSION = 1;
				DEVELOPMENT_TEAM = 7Q29GXUS8G;
				GENERATE_INFOPLIST_FILE = YES;
				INFOPLIST_KEY_NSCameraUsageDescription = "";
				INFOPLIST_KEY_NSMicrophoneUsageDescription = "Microphone Usage Description　です。";
				INFOPLIST_KEY_NSPhotoLibraryAddUsageDescription = "Photo Library Additions Usage Description　です。";
				INFOPLIST_KEY_NSPhotoLibraryUsageDescription = "Photo Library Usage Description　です。";
				INFOPLIST_KEY_UIApplicationSupportsIndirectInputEvents = YES;
				INFOPLIST_KEY_UILaunchStoryboardName = LaunchScreen;
				INFOPLIST_KEY_UIMainStoryboardFile = Main;
				INFOPLIST_KEY_UIRequiredDeviceCapabilities = arkit;
				INFOPLIST_KEY_UIStatusBarHidden = YES;
				INFOPLIST_KEY_UISupportedInterfaceOrientations_iPad = "UIInterfaceOrientationPortrait UIInterfaceOrientationPortraitUpsideDown UIInterfaceOrientationLandscapeLeft UIInterfaceOrientationLandscapeRight";
				INFOPLIST_KEY_UISupportedInterfaceOrientations_iPhone = "UIInterfaceOrientationPortrait UIInterfaceOrientationLandscapeLeft UIInterfaceOrientationLandscapeRight";
				IPHONEOS_DEPLOYMENT_TARGET = 15.2;
				LD_RUNPATH_SEARCH_PATHS = (
					"$(inherited)",
					"@executable_path/Frameworks",
				);
				MARKETING_VERSION = 1.0;
				PRODUCT_BUNDLE_IDENTIFIER = com.gmail.ms.job.huntting.ARPR;
				PRODUCT_NAME = "$(TARGET_NAME)";
				SWIFT_EMIT_LOC_STRINGS = YES;
				SWIFT_VERSION = 5.0;
				TARGETED_DEVICE_FAMILY = 1;
			};
			name = Debug;
		};
		982CAC3D27DBA98F0036F926 /* Release */ = {
			isa = XCBuildConfiguration;
			buildSettings = {
				ASSETCATALOG_COMPILER_APPICON_NAME = AppIcon;
				ASSETCATALOG_COMPILER_GLOBAL_ACCENT_COLOR_NAME = AccentColor;
				CODE_SIGN_STYLE = Automatic;
				CURRENT_PROJECT_VERSION = 1;
				DEVELOPMENT_TEAM = 7Q29GXUS8G;
				GENERATE_INFOPLIST_FILE = YES;
				INFOPLIST_KEY_NSCameraUsageDescription = "";
				INFOPLIST_KEY_NSMicrophoneUsageDescription = "Microphone Usage Description　です。";
				INFOPLIST_KEY_NSPhotoLibraryAddUsageDescription = "Photo Library Additions Usage Description　です。";
				INFOPLIST_KEY_NSPhotoLibraryUsageDescription = "Photo Library Usage Description　です。";
				INFOPLIST_KEY_UIApplicationSupportsIndirectInputEvents = YES;
				INFOPLIST_KEY_UILaunchStoryboardName = LaunchScreen;
				INFOPLIST_KEY_UIMainStoryboardFile = Main;
				INFOPLIST_KEY_UIRequiredDeviceCapabilities = arkit;
				INFOPLIST_KEY_UIStatusBarHidden = YES;
				INFOPLIST_KEY_UISupportedInterfaceOrientations_iPad = "UIInterfaceOrientationPortrait UIInterfaceOrientationPortraitUpsideDown UIInterfaceOrientationLandscapeLeft UIInterfaceOrientationLandscapeRight";
				INFOPLIST_KEY_UISupportedInterfaceOrientations_iPhone = "UIInterfaceOrientationPortrait UIInterfaceOrientationLandscapeLeft UIInterfaceOrientationLandscapeRight";
				IPHONEOS_DEPLOYMENT_TARGET = 15.2;
				LD_RUNPATH_SEARCH_PATHS = (
					"$(inherited)",
					"@executable_path/Frameworks",
				);
				MARKETING_VERSION = 1.0;
				PRODUCT_BUNDLE_IDENTIFIER = com.gmail.ms.job.huntting.ARPR;
				PRODUCT_NAME = "$(TARGET_NAME)";
				SWIFT_EMIT_LOC_STRINGS = YES;
				SWIFT_VERSION = 5.0;
				TARGETED_DEVICE_FAMILY = 1;
			};
			name = Release;
		};
/* End XCBuildConfiguration section */

/* Begin XCConfigurationList section */
		982CAC2327DBA98F0036F926 /* Build configuration list for PBXProject "ARPR" */ = {
			isa = XCConfigurationList;
			buildConfigurations = (
				982CAC3927DBA98F0036F926 /* Debug */,
				982CAC3A27DBA98F0036F926 /* Release */,
			);
			defaultConfigurationIsVisible = 0;
			defaultConfigurationName = Release;
		};
		982CAC3B27DBA98F0036F926 /* Build configuration list for PBXNativeTarget "ARPR" */ = {
			isa = XCConfigurationList;
			buildConfigurations = (
				982CAC3C27DBA98F0036F926 /* Debug */,
				982CAC3D27DBA98F0036F926 /* Release */,
			);
			defaultConfigurationIsVisible = 0;
			defaultConfigurationName = Release;
		};
/* End XCConfigurationList section */
	};
	rootObject = 982CAC2027DBA98F0036F926 /* Project object */;
}
